{
  "lockfileVersion": 1,
  "workspaces": {
    "": {
      "name": "amele_core",
      "dependencies": {
        "@msgpack/msgpack": "^3.0.0",
      },
    },
  },
  "packages": {
    "@msgpack/msgpack": ["@msgpack/msgpack@3.1.2", "", {}, "sha512-JEW4DEtBzfe8HvUYecLU9e6+XJnKDlUAIve8FvPzF3Kzs6Xo/KuZkZJsDH0wJXl/qEZbeeE7edxDNY3kMs39hQ=="],
  }
}
